
Microsoft Visual Studio Solution File, Format Version 12.00
# Visual Studio Version 16
VisualStudioVersion = 16.0.31313.79
MinimumVisualStudioVersion = 10.0.40219.1
Project("{888888A0-9F3D-457C-B088-3A5042F75D52}") = "FanControl_02", "FanControl_02\FanControl_02.pyproj", "{00EED351-B005-4D11-99AD-5264F79BDA42}"
EndProject
Global
	GlobalSection(SolutionConfigurationPlatforms) = preSolution
		Debug|Any CPU = Debug|Any CPU
		Release|Any CPU = Release|Any CPU
	EndGlobalSection
	GlobalSection(ProjectConfigurationPlatforms) = postSolution
		{00EED351-B005-4D11-99AD-5264F79BDA42}.Debug|Any CPU.ActiveCfg = Debug|Any CPU
		{00EED351-B005-4D11-99AD-5264F79BDA42}.Release|Any CPU.ActiveCfg = Release|Any CPU
	EndGlobalSection
	GlobalSection(SolutionProperties) = preSolution
		HideSolutionNode = FALSE
	EndGlobalSection
	GlobalSection(ExtensibilityGlobals) = postSolution
		SolutionGuid = {D37138F5-EC29-4853-BB1F-6F4602326C4A}
	EndGlobalSection
EndGlobal
